
Microsoft Visual Studio Solution File, Format Version 12.00
# Visual Studio Version 17
VisualStudioVersion = 17.0.31903.59
MinimumVisualStudioVersion = 10.0.40219.1
Project("{FAE04EC0-301F-11D3-BF4B-00C04F79EFBC}") = "PerryHomesTracker", "PerryHomesTracker.csproj", "{17F6157E-993C-403C-B66E-7C73BAA5C0E7}"
EndProject
Project("{2150E333-8FDC-42A3-9474-1A3956D46DE8}") = "Tests", "Tests", "{78A7B1A3-04BB-40A1-A38D-33A8C3B8D4FD}"
EndProject
Project("{FAE04EC0-301F-11D3-BF4B-00C04F79EFBC}") = "PerryHomesTracker.Tests", "Tests\PerryHomesTracker.Tests\PerryHomesTracker.Tests.csproj", "{A765996F-6349-41CD-B64C-7EBD04324238}"
EndProject
Project("{2150E333-8FDC-42A3-9474-1A3956D46DE8}") = "Tools", "Tools", "{B6DB3431-5E42-4975-91C2-A8DF5AFC63FB}"
EndProject
Project("{FAE04EC0-301F-11D3-BF4B-00C04F79EFBC}") = "PrReviewAgent", "Tools\PrReviewAgent\PrReviewAgent.csproj", "{CB09DF45-96DD-49D1-B8B9-A2AAA1C1C286}"
EndProject
Project("{FAE04EC0-301F-11D3-BF4B-00C04F79EFBC}") = "PerryHomesMcp", "Tools\PerryHomesMcp\PerryHomesMcp.csproj", "{68DB1DCE-F308-4995-9A24-07008788EF15}"
EndProject
Global
	GlobalSection(SolutionConfigurationPlatforms) = preSolution
		Debug|Any CPU = Debug|Any CPU
		Release|Any CPU = Release|Any CPU
	EndGlobalSection
	GlobalSection(SolutionProperties) = preSolution
		HideSolutionNode = FALSE
	EndGlobalSection
	GlobalSection(ProjectConfigurationPlatforms) = postSolution
		{17F6157E-993C-403C-B66E-7C73BAA5C0E7}.Debug|Any CPU.ActiveCfg = Debug|Any CPU
		{17F6157E-993C-403C-B66E-7C73BAA5C0E7}.Debug|Any CPU.Build.0 = Debug|Any CPU
		{17F6157E-993C-403C-B66E-7C73BAA5C0E7}.Release|Any CPU.ActiveCfg = Release|Any CPU
		{17F6157E-993C-403C-B66E-7C73BAA5C0E7}.Release|Any CPU.Build.0 = Release|Any CPU
		{A765996F-6349-41CD-B64C-7EBD04324238}.Debug|Any CPU.ActiveCfg = Debug|Any CPU
		{A765996F-6349-41CD-B64C-7EBD04324238}.Debug|Any CPU.Build.0 = Debug|Any CPU
		{A765996F-6349-41CD-B64C-7EBD04324238}.Release|Any CPU.ActiveCfg = Release|Any CPU
		{A765996F-6349-41CD-B64C-7EBD04324238}.Release|Any CPU.Build.0 = Release|Any CPU
		{CB09DF45-96DD-49D1-B8B9-A2AAA1C1C286}.Debug|Any CPU.ActiveCfg = Debug|Any CPU
		{CB09DF45-96DD-49D1-B8B9-A2AAA1C1C286}.Debug|Any CPU.Build.0 = Debug|Any CPU
		{CB09DF45-96DD-49D1-B8B9-A2AAA1C1C286}.Release|Any CPU.ActiveCfg = Release|Any CPU
		{CB09DF45-96DD-49D1-B8B9-A2AAA1C1C286}.Release|Any CPU.Build.0 = Release|Any CPU
		{68DB1DCE-F308-4995-9A24-07008788EF15}.Debug|Any CPU.ActiveCfg = Debug|Any CPU
		{68DB1DCE-F308-4995-9A24-07008788EF15}.Debug|Any CPU.Build.0 = Debug|Any CPU
		{68DB1DCE-F308-4995-9A24-07008788EF15}.Release|Any CPU.ActiveCfg = Release|Any CPU
		{68DB1DCE-F308-4995-9A24-07008788EF15}.Release|Any CPU.Build.0 = Release|Any CPU
	EndGlobalSection
	GlobalSection(NestedProjects) = preSolution
		{A765996F-6349-41CD-B64C-7EBD04324238} = {78A7B1A3-04BB-40A1-A38D-33A8C3B8D4FD}
		{CB09DF45-96DD-49D1-B8B9-A2AAA1C1C286} = {B6DB3431-5E42-4975-91C2-A8DF5AFC63FB}
		{68DB1DCE-F308-4995-9A24-07008788EF15} = {B6DB3431-5E42-4975-91C2-A8DF5AFC63FB}
	EndGlobalSection
EndGlobal
